{
  "name": "demo-dev-dependencies",
  "version": "0.0.0",
  "lockfileVersion": 2,
  "requires": true,
  "packages": {
    "": {
      "name": "demo-dev-dependencies",
      "version": "0.0.0",
      "license": "Apache-2.0",
      "workspaces": [
        "workspaces/*"
      ],
      "devDependencies": {
        "@types/node": ">=16"
      }
    },
    "node_modules/@types/node": {
      "version": "18.7.7",
      "resolved": "https://registry.npmjs.org/@types/node/-/node-18.7.7.tgz",
      "integrity": "sha512-sTKYCtQmaUpsAT+AbUTKg0Ya0dYyh20t3TBQebWrGXQHFmkrEyeedok2/IpTthlJopPSbUoc1hAKoK6UeFRCZw==",
      "dev": true
    }
  },
  "dependencies": {
    "@types/node": {
      "version": "18.7.7",
      "resolved": "https://registry.npmjs.org/@types/node/-/node-18.7.7.tgz",
      "integrity": "sha512-sTKYCtQmaUpsAT+AbUTKg0Ya0dYyh20t3TBQebWrGXQHFmkrEyeedok2/IpTthlJopPSbUoc1hAKoK6UeFRCZw==",
      "dev": true
    }
  }
}
