{
  "name": "demo-workspaces",
  "version": "0.0.0",
  "lockfileVersion": 2,
  "requires": true,
  "packages": {
    "": {
      "name": "demo-workspaces",
      "version": "0.0.0",
      "license": "Apache-2.0",
      "workspaces": [
        "workspaces/*"
      ],
      "dependencies": {
        "my-local-a": "*"
      }
    },
    "node_modules/my-local-a": {
      "resolved": "workspaces/my-local-a",
      "link": true
    },
    "node_modules/my-local-b-off": {
      "resolved": "workspaces/my-local-b",
      "link": true
    },
    "node_modules/my-local-c": {
      "resolved": "workspaces/my-local",
      "link": true
    },
    "workspaces/my-local": {
      "name": "my-local-c",
      "version": "0.23.42",
      "license": "Apache-2.0",
      "dependencies": {
        "my-local-a": "*",
        "my-local-b-off": "*"
      }
    },
    "workspaces/my-local-a": {
      "version": "0.1.0",
      "license": "Apache-2.0",
      "dependencies": {
        "my-local-b-off": "*"
      }
    },
    "workspaces/my-local-b": {
      "name": "my-local-b-off",
      "version": "0.0.0",
      "license": "Apache-2.0"
    }
  },
  "dependencies": {
    "my-local-a": {
      "version": "file:workspaces/my-local-a",
      "requires": {
        "my-local-b-off": "*"
      }
    },
    "my-local-b-off": {
      "version": "file:workspaces/my-local-b"
    },
    "my-local-c": {
      "version": "file:workspaces/my-local",
      "requires": {
        "my-local-a": "*",
        "my-local-b-off": "*"
      }
    }
  }
}
