{
  "name": "demo-local-deps",
  "version": "0.0.0",
  "lockfileVersion": 2,
  "requires": true,
  "packages": {
    "": {
      "name": "demo-local-deps",
      "version": "0.0.0",
      "license": "Apache-2.0",
      "dependencies": {
        "my-local-a": "file:packages/my-local-a",
        "my-noname": "file:packages/my-noname"
      }
    },
    "node_modules/my-local-a": {
      "resolved": "packages/my-local-a",
      "link": true
    },
    "node_modules/my-local-b-off": {
      "resolved": "packages/my-local-b",
      "link": true
    },
    "node_modules/my-noname": {
      "resolved": "packages/my-noname",
      "link": true
    },
    "packages/my-local-a": {
      "version": "0.0.0",
      "license": "Apache-2.0",
      "dependencies": {
        "my-local-b-off": "file:../my-local-b"
      }
    },
    "packages/my-local-b": {
      "version": "0.0.0",
      "license": "Apache-2.0"
    },
    "packages/my-noname": {
      "version": "0.0.0",
      "license": "Apache-2.0"
    }
  },
  "dependencies": {
    "my-local-a": {
      "version": "file:packages/my-local-a",
      "requires": {
        "my-local-b-off": "file:../my-local-b"
      }
    },
    "my-local-b-off": {
      "version": "file:packages/my-local-b"
    },
    "my-noname": {
      "version": "file:packages/my-noname"
    }
  }
}
