{
  "name": "demo-local-deps",
  "version": "0.0.0",
  "lockfileVersion": 1,
  "requires": true,
  "dependencies": {
    "my-local-a": {
      "version": "file:packages/my-local-a",
      "requires": {
        "my-local-b-off": "file:packages/my-local-b"
      }
    },
    "my-local-b-off": {
      "version": "file:packages/my-local-b"
    },
    "my-noname": {
      "version": "file:packages/my-noname"
    }
  }
}
